
Microsoft Visual Studio Solution File, Format Version 12.00
# Visual Studio Express 14 for Windows Desktop
VisualStudioVersion = 14.0.24720.0
MinimumVisualStudioVersion = 10.0.40219.1
Project("{FAE04EC0-301F-11D3-BF4B-00C04F79EFBC}") = "Chuong11_UyQuyenSuKien", "Chuong11_UyQuyenSuKien\Chuong11_UyQuyenSuKien.csproj", "{0A0E491E-7069-4613-AE27-DB49BE9541CB}"
EndProject
Global
	GlobalSection(SolutionConfigurationPlatforms) = preSolution
		Debug|Any CPU = Debug|Any CPU
		Release|Any CPU = Release|Any CPU
	EndGlobalSection
	GlobalSection(ProjectConfigurationPlatforms) = postSolution
		{0A0E491E-7069-4613-AE27-DB49BE9541CB}.Debug|Any CPU.ActiveCfg = Debug|Any CPU
		{0A0E491E-7069-4613-AE27-DB49BE9541CB}.Debug|Any CPU.Build.0 = Debug|Any CPU
		{0A0E491E-7069-4613-AE27-DB49BE9541CB}.Release|Any CPU.ActiveCfg = Release|Any CPU
		{0A0E491E-7069-4613-AE27-DB49BE9541CB}.Release|Any CPU.Build.0 = Release|Any CPU
	EndGlobalSection
	GlobalSection(SolutionProperties) = preSolution
		HideSolutionNode = FALSE
	EndGlobalSection
EndGlobal
