
Microsoft Visual Studio Solution File, Format Version 12.00
# Visual Studio Express 14 for Windows Desktop
VisualStudioVersion = 14.0.24720.0
MinimumVisualStudioVersion = 10.0.40219.1
Project("{FAE04EC0-301F-11D3-BF4B-00C04F79EFBC}") = "MulticastDelegate", "MulticastDelegate\MulticastDelegate.csproj", "{9678F5DF-3B9B-457E-86F9-492392A6579E}"
EndProject
Project("{FAE04EC0-301F-11D3-BF4B-00C04F79EFBC}") = "KhaiBaoVaKhoiTaoDelegate", "KhaiBaoVaKhoiTaoDelegate\KhaiBaoVaKhoiTaoDelegate.csproj", "{0A0E491E-7069-4613-AE27-DB49BE9541CB}"
EndProject
Global
	GlobalSection(SolutionConfigurationPlatforms) = preSolution
		Debug|Any CPU = Debug|Any CPU
		Release|Any CPU = Release|Any CPU
	EndGlobalSection
	GlobalSection(ProjectConfigurationPlatforms) = postSolution
		{9678F5DF-3B9B-457E-86F9-492392A6579E}.Debug|Any CPU.ActiveCfg = Debug|Any CPU
		{9678F5DF-3B9B-457E-86F9-492392A6579E}.Debug|Any CPU.Build.0 = Debug|Any CPU
		{9678F5DF-3B9B-457E-86F9-492392A6579E}.Release|Any CPU.ActiveCfg = Release|Any CPU
		{9678F5DF-3B9B-457E-86F9-492392A6579E}.Release|Any CPU.Build.0 = Release|Any CPU
		{0A0E491E-7069-4613-AE27-DB49BE9541CB}.Debug|Any CPU.ActiveCfg = Debug|Any CPU
		{0A0E491E-7069-4613-AE27-DB49BE9541CB}.Debug|Any CPU.Build.0 = Debug|Any CPU
		{0A0E491E-7069-4613-AE27-DB49BE9541CB}.Release|Any CPU.ActiveCfg = Release|Any CPU
		{0A0E491E-7069-4613-AE27-DB49BE9541CB}.Release|Any CPU.Build.0 = Release|Any CPU
	EndGlobalSection
	GlobalSection(SolutionProperties) = preSolution
		HideSolutionNode = FALSE
	EndGlobalSection
EndGlobal
